
Microsoft Visual Studio Solution File, Format Version 12.00
# Visual Studio Version 17
VisualStudioVersion = 17.9.34701.34
MinimumVisualStudioVersion = 10.0.40219.1
Project("{FAE04EC0-301F-11D3-BF4B-00C04F79EFBC}") = "Pixel2Image", "Pixel2Image\Pixel2Image.csproj", "{81B22EEA-0CCA-40EA-BDF4-883B3BCAF0C0}"
EndProject
Global
	GlobalSection(SolutionConfigurationPlatforms) = preSolution
		Debug|Any CPU = Debug|Any CPU
		Release|Any CPU = Release|Any CPU
	EndGlobalSection
	GlobalSection(ProjectConfigurationPlatforms) = postSolution
		{81B22EEA-0CCA-40EA-BDF4-883B3BCAF0C0}.Debug|Any CPU.ActiveCfg = Debug|Any CPU
		{81B22EEA-0CCA-40EA-BDF4-883B3BCAF0C0}.Debug|Any CPU.Build.0 = Debug|Any CPU
		{81B22EEA-0CCA-40EA-BDF4-883B3BCAF0C0}.Release|Any CPU.ActiveCfg = Release|Any CPU
		{81B22EEA-0CCA-40EA-BDF4-883B3BCAF0C0}.Release|Any CPU.Build.0 = Release|Any CPU
	EndGlobalSection
	GlobalSection(SolutionProperties) = preSolution
		HideSolutionNode = FALSE
	EndGlobalSection
	GlobalSection(ExtensibilityGlobals) = postSolution
		SolutionGuid = {5C6979A4-3A21-4916-845F-05DC83824234}
	EndGlobalSection
EndGlobal
